
Microsoft Visual Studio Solution File, Format Version 12.00
# Visual Studio Version 16
VisualStudioVersion = 16.0.31005.135
MinimumVisualStudioVersion = 10.0.40219.1
Project("{9A19103F-16F7-4668-BE54-9A1E7A4F7556}") = "mvc-minitwit", "mvc-minitwit.csproj", "{1974A92E-08AC-4F04-A249-F20FBB03E92A}"
EndProject
Global
	GlobalSection(SolutionConfigurationPlatforms) = preSolution
		Debug|Any CPU = Debug|Any CPU
		Release|Any CPU = Release|Any CPU
	EndGlobalSection
	GlobalSection(ProjectConfigurationPlatforms) = postSolution
		{1974A92E-08AC-4F04-A249-F20FBB03E92A}.Debug|Any CPU.ActiveCfg = Debug|Any CPU
		{1974A92E-08AC-4F04-A249-F20FBB03E92A}.Debug|Any CPU.Build.0 = Debug|Any CPU
		{1974A92E-08AC-4F04-A249-F20FBB03E92A}.Release|Any CPU.ActiveCfg = Release|Any CPU
		{1974A92E-08AC-4F04-A249-F20FBB03E92A}.Release|Any CPU.Build.0 = Release|Any CPU
	EndGlobalSection
	GlobalSection(SolutionProperties) = preSolution
		HideSolutionNode = FALSE
	EndGlobalSection
	GlobalSection(ExtensibilityGlobals) = postSolution
		SolutionGuid = {768B37E6-1E98-4DBA-B2AD-4BD0E4B75CD9}
	EndGlobalSection
EndGlobal
